
Microsoft Visual Studio Solution File, Format Version 12.00
# Visual Studio Version 16
VisualStudioVersion = 16.0.30717.126
MinimumVisualStudioVersion = 10.0.40219.1
Project("{8BC9CEB8-8B4A-11D0-8D11-00A0C91BC942}") = "zizeng_chongzai", "zizeng_chongzai.vcxproj", "{F57D51E5-5861-4899-9F53-5DF95CD3557B}"
EndProject
Global
	GlobalSection(SolutionConfigurationPlatforms) = preSolution
		Debug|x64 = Debug|x64
		Debug|x86 = Debug|x86
		Release|x64 = Release|x64
		Release|x86 = Release|x86
	EndGlobalSection
	GlobalSection(ProjectConfigurationPlatforms) = postSolution
		{F57D51E5-5861-4899-9F53-5DF95CD3557B}.Debug|x64.ActiveCfg = Debug|x64
		{F57D51E5-5861-4899-9F53-5DF95CD3557B}.Debug|x64.Build.0 = Debug|x64
		{F57D51E5-5861-4899-9F53-5DF95CD3557B}.Debug|x86.ActiveCfg = Debug|Win32
		{F57D51E5-5861-4899-9F53-5DF95CD3557B}.Debug|x86.Build.0 = Debug|Win32
		{F57D51E5-5861-4899-9F53-5DF95CD3557B}.Release|x64.ActiveCfg = Release|x64
		{F57D51E5-5861-4899-9F53-5DF95CD3557B}.Release|x64.Build.0 = Release|x64
		{F57D51E5-5861-4899-9F53-5DF95CD3557B}.Release|x86.ActiveCfg = Release|Win32
		{F57D51E5-5861-4899-9F53-5DF95CD3557B}.Release|x86.Build.0 = Release|Win32
	EndGlobalSection
	GlobalSection(SolutionProperties) = preSolution
		HideSolutionNode = FALSE
	EndGlobalSection
	GlobalSection(ExtensibilityGlobals) = postSolution
		SolutionGuid = {C783D8BD-7B33-4ABD-9AB6-EE31F584EE98}
	EndGlobalSection
EndGlobal
